
Microsoft Visual Studio Solution File, Format Version 12.00
# Visual Studio Version 17
VisualStudioVersion = 17.1.32414.318
MinimumVisualStudioVersion = 10.0.40219.1
Project("{2150E333-8FDC-42A3-9474-1A3956D46DE8}") = "10. Domain", "10. Domain", "{087ED9F6-52DF-47AA-8B5B-014716131941}"
EndProject
Project("{2150E333-8FDC-42A3-9474-1A3956D46DE8}") = "20. Application", "20. Application", "{A5B0E323-08F9-4D70-9A26-D7E57E8389B5}"
EndProject
Project("{2150E333-8FDC-42A3-9474-1A3956D46DE8}") = "30. Presentation", "30. Presentation", "{40DC0A61-1AF3-446C-9D8B-068EA1E7D71D}"
EndProject
Project("{2150E333-8FDC-42A3-9474-1A3956D46DE8}") = "40. Infrastructure", "40. Infrastructure", "{323CC586-A3DE-4B9B-A566-350999394325}"
EndProject
Project("{2150E333-8FDC-42A3-9474-1A3956D46DE8}") = "50. Data", "50. Data", "{63E1E484-5455-43BE-B10A-0F312525AE4E}"
EndProject
Project("{E53339B2-1760-4266-BCC7-CA923CBCF16C}") = "docker-compose", "docker-compose.dcproj", "{C49F873D-4091-4616-8B06-3862A28E020F}"
EndProject
Project("{2150E333-8FDC-42A3-9474-1A3956D46DE8}") = "60. SharedKernel", "60. SharedKernel", "{B0FD6F43-353B-41A4-A3DE-54499DE82E23}"
EndProject
Project("{9A19103F-16F7-4668-BE54-9A1E7A4F7556}") = "LogCorner.EduSync.Speech.Application.UnitTests", "LogCorner.EduSync.Speech.Application.UnitTests\LogCorner.EduSync.Speech.Application.UnitTests.csproj", "{6F2DC73F-01C1-4A17-B6A2-D1BB7879C18D}"
EndProject
Project("{9A19103F-16F7-4668-BE54-9A1E7A4F7556}") = "LogCorner.EduSync.Speech.Presentation.UnitTests", "LogCorner.EduSync.Speech.Presentation.UnitTests\LogCorner.EduSync.Speech.Presentation.UnitTests.csproj", "{E88965DF-6368-43C6-B5D0-20E2354D3E74}"
EndProject
Project("{9A19103F-16F7-4668-BE54-9A1E7A4F7556}") = "LogCorner.EduSync.Speech.Infrastructure.UnitTests", "LogCorner.EduSync.Speech.Infrastructure.UnitTests\LogCorner.EduSync.Speech.Infrastructure.UnitTests.csproj", "{70719167-C842-4B72-99E5-9EABFB9ECDF3}"
EndProject
Project("{2150E333-8FDC-42A3-9474-1A3956D46DE8}") = "Broker", "Broker", "{369CB01D-A1A7-72D2-AABC-3F0945D148A2}"
EndProject
Project("{FAE04EC0-301F-11D3-BF4B-00C04F79EFBC}") = "LogCorner.EduSync.Speech.Producer", "broker\Producer\LogCorner.EduSync.Speech.Producer.csproj", "{C27F58F6-5908-72C1-E2F2-4FB00A4D737F}"
EndProject
Project("{FAE04EC0-301F-11D3-BF4B-00C04F79EFBC}") = "LogCorner.EduSync.Speech.ServiceBus", "broker\ServiceBus\LogCorner.EduSync.Speech.ServiceBus.csproj", "{0E8826E8-1A84-2FA1-E84F-8A56ABA0495A}"
EndProject
Project("{FAE04EC0-301F-11D3-BF4B-00C04F79EFBC}") = "LogCorner.EduSync.Speech.Domain", "Command\LogCorner.EduSync.Speech.Domain\LogCorner.EduSync.Speech.Domain.csproj", "{F7F704CC-EB96-D6DF-7FFA-BBF1AC034A20}"
EndProject
Project("{FAE04EC0-301F-11D3-BF4B-00C04F79EFBC}") = "LogCorner.EduSync.Speech.SharedKernel", "Command\LogCorner.EduSync.Speech.SharedKernel\LogCorner.EduSync.Speech.SharedKernel.csproj", "{EF44AAE0-9854-3F20-B183-B15F2D6869D6}"
EndProject
Project("{FAE04EC0-301F-11D3-BF4B-00C04F79EFBC}") = "LogCorner.EduSync.Speech.Application", "Command\LogCorner.EduSync.Speech.Application\LogCorner.EduSync.Speech.Application.csproj", "{3D789A67-01E6-CBD2-2B49-414E071A61B0}"
EndProject
Project("{FAE04EC0-301F-11D3-BF4B-00C04F79EFBC}") = "LogCorner.EduSync.Speech.Infrastructure", "Command\LogCorner.EduSync.Speech.Infrastructure\LogCorner.EduSync.Speech.Infrastructure.csproj", "{1938424A-1AE1-C618-D5C5-429B9BEBD6EB}"
EndProject
Project("{FAE04EC0-301F-11D3-BF4B-00C04F79EFBC}") = "LogCorner.EduSync.Speech.Presentation", "Command\LogCorner.EduSync.Speech.Presentation\LogCorner.EduSync.Speech.Presentation.csproj", "{C00394B3-8F59-D282-CDE7-901AAF039C7C}"
EndProject
Project("{00D1A9C2-B5F0-4AF3-8072-F6C62B433612}") = "LogCorner.EduSync.Speech.Database", "Command\LogCorner.EduSync.Speech.Database\LogCorner.EduSync.Speech.Database.sqlproj", "{7789CFC7-8072-4BD9-BD1B-9003D231A05D}"
EndProject
Project("{FAE04EC0-301F-11D3-BF4B-00C04F79EFBC}") = "LogCorner.EduSync.Speech.Consumer", "broker\LogCorner.EduSync.Speech.Consumer\LogCorner.EduSync.Speech.Consumer.csproj", "{3FD1D40E-4BAD-9BFD-DA09-0A8FD5CA80D6}"
EndProject
Project("{FAE04EC0-301F-11D3-BF4B-00C04F79EFBC}") = "LogCorner.EduSync.Speech.CosmosDb", "broker\LogCorner.EduSync.Speech.CosmosDb\LogCorner.EduSync.Speech.CosmosDb.csproj", "{4BB88052-FFA1-4D49-8798-085B1EC064AB}"
EndProject
Project("{FAE04EC0-301F-11D3-BF4B-00C04F79EFBC}") = "LogCorner.EduSync.Speech.Repository", "broker\LogCorner.EduSync.Speech.Projection\LogCorner.EduSync.Speech.Repository.csproj", "{A3BDF759-7DEE-C9E4-2DA6-102451A02B9C}"
EndProject
Project("{FAE04EC0-301F-11D3-BF4B-00C04F79EFBC}") = "LogCorner.EduSync.Speech.WorkerService", "broker\LogCorner.EduSync.Speech.WorkerService\LogCorner.EduSync.Speech.WorkerService.csproj", "{0D993677-84D9-01E1-049F-125E56EC0022}"
EndProject
Global
	GlobalSection(SolutionConfigurationPlatforms) = preSolution
		Debug|Any CPU = Debug|Any CPU
		Release|Any CPU = Release|Any CPU
	EndGlobalSection
	GlobalSection(ProjectConfigurationPlatforms) = postSolution
		{C49F873D-4091-4616-8B06-3862A28E020F}.Debug|Any CPU.ActiveCfg = Debug|Any CPU
		{C49F873D-4091-4616-8B06-3862A28E020F}.Debug|Any CPU.Build.0 = Debug|Any CPU
		{C49F873D-4091-4616-8B06-3862A28E020F}.Release|Any CPU.ActiveCfg = Release|Any CPU
		{C49F873D-4091-4616-8B06-3862A28E020F}.Release|Any CPU.Build.0 = Release|Any CPU
		{6F2DC73F-01C1-4A17-B6A2-D1BB7879C18D}.Debug|Any CPU.ActiveCfg = Debug|Any CPU
		{6F2DC73F-01C1-4A17-B6A2-D1BB7879C18D}.Debug|Any CPU.Build.0 = Debug|Any CPU
		{6F2DC73F-01C1-4A17-B6A2-D1BB7879C18D}.Release|Any CPU.ActiveCfg = Release|Any CPU
		{6F2DC73F-01C1-4A17-B6A2-D1BB7879C18D}.Release|Any CPU.Build.0 = Release|Any CPU
		{E88965DF-6368-43C6-B5D0-20E2354D3E74}.Debug|Any CPU.ActiveCfg = Debug|Any CPU
		{E88965DF-6368-43C6-B5D0-20E2354D3E74}.Debug|Any CPU.Build.0 = Debug|Any CPU
		{E88965DF-6368-43C6-B5D0-20E2354D3E74}.Release|Any CPU.ActiveCfg = Release|Any CPU
		{E88965DF-6368-43C6-B5D0-20E2354D3E74}.Release|Any CPU.Build.0 = Release|Any CPU
		{70719167-C842-4B72-99E5-9EABFB9ECDF3}.Debug|Any CPU.ActiveCfg = Debug|Any CPU
		{70719167-C842-4B72-99E5-9EABFB9ECDF3}.Debug|Any CPU.Build.0 = Debug|Any CPU
		{70719167-C842-4B72-99E5-9EABFB9ECDF3}.Release|Any CPU.ActiveCfg = Release|Any CPU
		{70719167-C842-4B72-99E5-9EABFB9ECDF3}.Release|Any CPU.Build.0 = Release|Any CPU
		{C27F58F6-5908-72C1-E2F2-4FB00A4D737F}.Debug|Any CPU.ActiveCfg = Debug|Any CPU
		{C27F58F6-5908-72C1-E2F2-4FB00A4D737F}.Debug|Any CPU.Build.0 = Debug|Any CPU
		{C27F58F6-5908-72C1-E2F2-4FB00A4D737F}.Release|Any CPU.ActiveCfg = Release|Any CPU
		{C27F58F6-5908-72C1-E2F2-4FB00A4D737F}.Release|Any CPU.Build.0 = Release|Any CPU
		{0E8826E8-1A84-2FA1-E84F-8A56ABA0495A}.Debug|Any CPU.ActiveCfg = Debug|Any CPU
		{0E8826E8-1A84-2FA1-E84F-8A56ABA0495A}.Debug|Any CPU.Build.0 = Debug|Any CPU
		{0E8826E8-1A84-2FA1-E84F-8A56ABA0495A}.Release|Any CPU.ActiveCfg = Release|Any CPU
		{0E8826E8-1A84-2FA1-E84F-8A56ABA0495A}.Release|Any CPU.Build.0 = Release|Any CPU
		{F7F704CC-EB96-D6DF-7FFA-BBF1AC034A20}.Debug|Any CPU.ActiveCfg = Debug|Any CPU
		{F7F704CC-EB96-D6DF-7FFA-BBF1AC034A20}.Debug|Any CPU.Build.0 = Debug|Any CPU
		{F7F704CC-EB96-D6DF-7FFA-BBF1AC034A20}.Release|Any CPU.ActiveCfg = Release|Any CPU
		{F7F704CC-EB96-D6DF-7FFA-BBF1AC034A20}.Release|Any CPU.Build.0 = Release|Any CPU
		{EF44AAE0-9854-3F20-B183-B15F2D6869D6}.Debug|Any CPU.ActiveCfg = Debug|Any CPU
		{EF44AAE0-9854-3F20-B183-B15F2D6869D6}.Debug|Any CPU.Build.0 = Debug|Any CPU
		{EF44AAE0-9854-3F20-B183-B15F2D6869D6}.Release|Any CPU.ActiveCfg = Release|Any CPU
		{EF44AAE0-9854-3F20-B183-B15F2D6869D6}.Release|Any CPU.Build.0 = Release|Any CPU
		{3D789A67-01E6-CBD2-2B49-414E071A61B0}.Debug|Any CPU.ActiveCfg = Debug|Any CPU
		{3D789A67-01E6-CBD2-2B49-414E071A61B0}.Debug|Any CPU.Build.0 = Debug|Any CPU
		{3D789A67-01E6-CBD2-2B49-414E071A61B0}.Release|Any CPU.ActiveCfg = Release|Any CPU
		{3D789A67-01E6-CBD2-2B49-414E071A61B0}.Release|Any CPU.Build.0 = Release|Any CPU
		{1938424A-1AE1-C618-D5C5-429B9BEBD6EB}.Debug|Any CPU.ActiveCfg = Debug|Any CPU
		{1938424A-1AE1-C618-D5C5-429B9BEBD6EB}.Debug|Any CPU.Build.0 = Debug|Any CPU
		{1938424A-1AE1-C618-D5C5-429B9BEBD6EB}.Release|Any CPU.ActiveCfg = Release|Any CPU
		{1938424A-1AE1-C618-D5C5-429B9BEBD6EB}.Release|Any CPU.Build.0 = Release|Any CPU
		{C00394B3-8F59-D282-CDE7-901AAF039C7C}.Debug|Any CPU.ActiveCfg = Debug|Any CPU
		{C00394B3-8F59-D282-CDE7-901AAF039C7C}.Debug|Any CPU.Build.0 = Debug|Any CPU
		{C00394B3-8F59-D282-CDE7-901AAF039C7C}.Release|Any CPU.ActiveCfg = Release|Any CPU
		{C00394B3-8F59-D282-CDE7-901AAF039C7C}.Release|Any CPU.Build.0 = Release|Any CPU
		{7789CFC7-8072-4BD9-BD1B-9003D231A05D}.Debug|Any CPU.ActiveCfg = Debug|Any CPU
		{7789CFC7-8072-4BD9-BD1B-9003D231A05D}.Debug|Any CPU.Build.0 = Debug|Any CPU
		{7789CFC7-8072-4BD9-BD1B-9003D231A05D}.Debug|Any CPU.Deploy.0 = Debug|Any CPU
		{7789CFC7-8072-4BD9-BD1B-9003D231A05D}.Release|Any CPU.ActiveCfg = Release|Any CPU
		{7789CFC7-8072-4BD9-BD1B-9003D231A05D}.Release|Any CPU.Build.0 = Release|Any CPU
		{7789CFC7-8072-4BD9-BD1B-9003D231A05D}.Release|Any CPU.Deploy.0 = Release|Any CPU
		{3FD1D40E-4BAD-9BFD-DA09-0A8FD5CA80D6}.Debug|Any CPU.ActiveCfg = Debug|Any CPU
		{3FD1D40E-4BAD-9BFD-DA09-0A8FD5CA80D6}.Debug|Any CPU.Build.0 = Debug|Any CPU
		{3FD1D40E-4BAD-9BFD-DA09-0A8FD5CA80D6}.Release|Any CPU.ActiveCfg = Release|Any CPU
		{3FD1D40E-4BAD-9BFD-DA09-0A8FD5CA80D6}.Release|Any CPU.Build.0 = Release|Any CPU
		{4BB88052-FFA1-4D49-8798-085B1EC064AB}.Debug|Any CPU.ActiveCfg = Debug|Any CPU
		{4BB88052-FFA1-4D49-8798-085B1EC064AB}.Debug|Any CPU.Build.0 = Debug|Any CPU
		{4BB88052-FFA1-4D49-8798-085B1EC064AB}.Release|Any CPU.ActiveCfg = Release|Any CPU
		{4BB88052-FFA1-4D49-8798-085B1EC064AB}.Release|Any CPU.Build.0 = Release|Any CPU
		{A3BDF759-7DEE-C9E4-2DA6-102451A02B9C}.Debug|Any CPU.ActiveCfg = Debug|Any CPU
		{A3BDF759-7DEE-C9E4-2DA6-102451A02B9C}.Debug|Any CPU.Build.0 = Debug|Any CPU
		{A3BDF759-7DEE-C9E4-2DA6-102451A02B9C}.Release|Any CPU.ActiveCfg = Release|Any CPU
		{A3BDF759-7DEE-C9E4-2DA6-102451A02B9C}.Release|Any CPU.Build.0 = Release|Any CPU
		{0D993677-84D9-01E1-049F-125E56EC0022}.Debug|Any CPU.ActiveCfg = Debug|Any CPU
		{0D993677-84D9-01E1-049F-125E56EC0022}.Debug|Any CPU.Build.0 = Debug|Any CPU
		{0D993677-84D9-01E1-049F-125E56EC0022}.Release|Any CPU.ActiveCfg = Release|Any CPU
		{0D993677-84D9-01E1-049F-125E56EC0022}.Release|Any CPU.Build.0 = Release|Any CPU
	EndGlobalSection
	GlobalSection(SolutionProperties) = preSolution
		HideSolutionNode = FALSE
	EndGlobalSection
	GlobalSection(NestedProjects) = preSolution
		{6F2DC73F-01C1-4A17-B6A2-D1BB7879C18D} = {A5B0E323-08F9-4D70-9A26-D7E57E8389B5}
		{E88965DF-6368-43C6-B5D0-20E2354D3E74} = {40DC0A61-1AF3-446C-9D8B-068EA1E7D71D}
		{70719167-C842-4B72-99E5-9EABFB9ECDF3} = {323CC586-A3DE-4B9B-A566-350999394325}
		{C27F58F6-5908-72C1-E2F2-4FB00A4D737F} = {369CB01D-A1A7-72D2-AABC-3F0945D148A2}
		{0E8826E8-1A84-2FA1-E84F-8A56ABA0495A} = {369CB01D-A1A7-72D2-AABC-3F0945D148A2}
		{F7F704CC-EB96-D6DF-7FFA-BBF1AC034A20} = {087ED9F6-52DF-47AA-8B5B-014716131941}
		{EF44AAE0-9854-3F20-B183-B15F2D6869D6} = {B0FD6F43-353B-41A4-A3DE-54499DE82E23}
		{3D789A67-01E6-CBD2-2B49-414E071A61B0} = {A5B0E323-08F9-4D70-9A26-D7E57E8389B5}
		{1938424A-1AE1-C618-D5C5-429B9BEBD6EB} = {323CC586-A3DE-4B9B-A566-350999394325}
		{C00394B3-8F59-D282-CDE7-901AAF039C7C} = {40DC0A61-1AF3-446C-9D8B-068EA1E7D71D}
		{7789CFC7-8072-4BD9-BD1B-9003D231A05D} = {63E1E484-5455-43BE-B10A-0F312525AE4E}
		{3FD1D40E-4BAD-9BFD-DA09-0A8FD5CA80D6} = {369CB01D-A1A7-72D2-AABC-3F0945D148A2}
		{4BB88052-FFA1-4D49-8798-085B1EC064AB} = {369CB01D-A1A7-72D2-AABC-3F0945D148A2}
		{A3BDF759-7DEE-C9E4-2DA6-102451A02B9C} = {369CB01D-A1A7-72D2-AABC-3F0945D148A2}
		{0D993677-84D9-01E1-049F-125E56EC0022} = {369CB01D-A1A7-72D2-AABC-3F0945D148A2}
	EndGlobalSection
	GlobalSection(ExtensibilityGlobals) = postSolution
		SolutionGuid = {5279CE35-3C1B-4719-9C6B-F96FE2C24172}
	EndGlobalSection
EndGlobal
